
Microsoft Visual Studio Solution File, Format Version 12.00
# Visual Studio Version 17
VisualStudioVersion = 17.9.34723.18
MinimumVisualStudioVersion = 10.0.40219.1
Project("{FAE04EC0-301F-11D3-BF4B-00C04F79EFBC}") = "csharp-web-ui-automation", "csharp-web-ui-automation.csproj", "{4555D64D-5354-4BD8-A5E4-F37BD1B2593F}"
EndProject
Global
	GlobalSection(SolutionConfigurationPlatforms) = preSolution
		Debug|Any CPU = Debug|Any CPU
		Release|Any CPU = Release|Any CPU
	EndGlobalSection
	GlobalSection(ProjectConfigurationPlatforms) = postSolution
		{4555D64D-5354-4BD8-A5E4-F37BD1B2593F}.Debug|Any CPU.ActiveCfg = Debug|Any CPU
		{4555D64D-5354-4BD8-A5E4-F37BD1B2593F}.Debug|Any CPU.Build.0 = Debug|Any CPU
		{4555D64D-5354-4BD8-A5E4-F37BD1B2593F}.Release|Any CPU.ActiveCfg = Release|Any CPU
		{4555D64D-5354-4BD8-A5E4-F37BD1B2593F}.Release|Any CPU.Build.0 = Release|Any CPU
	EndGlobalSection
	GlobalSection(SolutionProperties) = preSolution
		HideSolutionNode = FALSE
	EndGlobalSection
	GlobalSection(ExtensibilityGlobals) = postSolution
		SolutionGuid = {CC03185B-27CE-4E13-9E76-B3E1120D1961}
	EndGlobalSection
EndGlobal
